
Microsoft Visual Studio Solution File, Format Version 12.00
# Visual Studio Version 16
VisualStudioVersion = 16.0.30104.148
MinimumVisualStudioVersion = 10.0.40219.1
Project("{FAE04EC0-301F-11D3-BF4B-00C04F79EFBC}") = "UrlShortener", "UrlShortener\UrlShortener.csproj", "{FB6B991A-BC68-4FC2-8832-AC0C17148A9E}"
EndProject
Project("{FAE04EC0-301F-11D3-BF4B-00C04F79EFBC}") = "UrlShortenerUnitTest", "UrlShortenerUnitTest\UrlShortenerUnitTest.csproj", "{3C689687-6031-4D41-972B-CD02081E52CD}"
EndProject
Global
	GlobalSection(SolutionConfigurationPlatforms) = preSolution
		Debug|Any CPU = Debug|Any CPU
		Release|Any CPU = Release|Any CPU
	EndGlobalSection
	GlobalSection(ProjectConfigurationPlatforms) = postSolution
		{FB6B991A-BC68-4FC2-8832-AC0C17148A9E}.Debug|Any CPU.ActiveCfg = Debug|Any CPU
		{FB6B991A-BC68-4FC2-8832-AC0C17148A9E}.Debug|Any CPU.Build.0 = Debug|Any CPU
		{FB6B991A-BC68-4FC2-8832-AC0C17148A9E}.Release|Any CPU.ActiveCfg = Release|Any CPU
		{FB6B991A-BC68-4FC2-8832-AC0C17148A9E}.Release|Any CPU.Build.0 = Release|Any CPU
		{3C689687-6031-4D41-972B-CD02081E52CD}.Debug|Any CPU.ActiveCfg = Debug|Any CPU
		{3C689687-6031-4D41-972B-CD02081E52CD}.Debug|Any CPU.Build.0 = Debug|Any CPU
		{3C689687-6031-4D41-972B-CD02081E52CD}.Release|Any CPU.ActiveCfg = Release|Any CPU
		{3C689687-6031-4D41-972B-CD02081E52CD}.Release|Any CPU.Build.0 = Release|Any CPU
	EndGlobalSection
	GlobalSection(SolutionProperties) = preSolution
		HideSolutionNode = FALSE
	EndGlobalSection
	GlobalSection(ExtensibilityGlobals) = postSolution
		SolutionGuid = {F5AB4F7A-AF62-491B-8234-3E4334F8444F}
	EndGlobalSection
EndGlobal
